// !$*UTF8*$!
{
	archiveVersion = 1;
	classes = {
	};
	objectVersion = 46;
	objects = {

/* Begin PBXBuildFile section */
		47518B631A95A5B8003226F0 /* HtmlLog.m in Sources */ = {isa = PBXBuildFile; fileRef = 47518B621A95A5B8003226F0 /* HtmlLog.m */; };
		47518B661A95C1D1003226F0 /* ReportController.m in Sources */ = {isa = PBXBuildFile; fileRef = 47518B651A95C1D1003226F0 /* ReportController.m */; };
		477E220B1A947F4C00BAB857 /* logocham.jpg in Resources */ = {isa = PBXBuildFile; fileRef = 477E220A1A947F4C00BAB857 /* logocham.jpg */; };
		479EF9641A945DFD002850F3 /* main.m in Sources */ = {isa = PBXBuildFile; fileRef = 479EF9631A945DFD002850F3 /* main.m */; };
		479EF9671A945DFD002850F3 /* AppDelegate.m in Sources */ = {isa = PBXBuildFile; fileRef = 479EF9661A945DFD002850F3 /* AppDelegate.m */; };
		479EF96A1A945DFD002850F3 /* ViewController.m in Sources */ = {isa = PBXBuildFile; fileRef = 479EF9691A945DFD002850F3 /* ViewController.m */; };
		479EF96D1A945DFD002850F3 /* Main.storyboard in Resources */ = {isa = PBXBuildFile; fileRef = 479EF96B1A945DFD002850F3 /* Main.storyboard */; };
		479EF96F1A945DFE002850F3 /* Images.xcassets in Resources */ = {isa = PBXBuildFile; fileRef = 479EF96E1A945DFE002850F3 /* Images.xcassets */; };
		479EF9721A945DFE002850F3 /* LaunchScreen.xib in Resources */ = {isa = PBXBuildFile; fileRef = 479EF9701A945DFE002850F3 /* LaunchScreen.xib */; };
		479EF97E1A945DFE002850F3 /* ChameleonTests.m in Sources */ = {isa = PBXBuildFile; fileRef = 479EF97D1A945DFE002850F3 /* ChameleonTests.m */; };
		479EF98A1A946549002850F3 /* Application.m in Sources */ = {isa = PBXBuildFile; fileRef = 479EF9891A946549002850F3 /* Application.m */; };
		479EF98D1A946944002850F3 /* PLTController.m in Sources */ = {isa = PBXBuildFile; fileRef = 479EF98C1A946944002850F3 /* PLTController.m */; };
/* End PBXBuildFile section */

/* Begin PBXContainerItemProxy section */
		479EF9781A945DFE002850F3 /* PBXContainerItemProxy */ = {
			isa = PBXContainerItemProxy;
			containerPortal = 479EF9561A945DFD002850F3 /* Project object */;
			proxyType = 1;
			remoteGlobalIDString = 479EF95D1A945DFD002850F3;
			remoteInfo = Chameleon;
		};
/* End PBXContainerItemProxy section */

/* Begin PBXFileReference section */
		47518B611A95A5B8003226F0 /* HtmlLog.h */ = {isa = PBXFileReference; fileEncoding = 4; lastKnownFileType = sourcecode.c.h; path = HtmlLog.h; sourceTree = "<group>"; };
		47518B621A95A5B8003226F0 /* HtmlLog.m */ = {isa = PBXFileReference; fileEncoding = 4; lastKnownFileType = sourcecode.c.objc; path = HtmlLog.m; sourceTree = "<group>"; };
		47518B641A95C1D1003226F0 /* ReportController.h */ = {isa = PBXFileReference; fileEncoding = 4; lastKnownFileType = sourcecode.c.h; path = ReportController.h; sourceTree = "<group>"; };
		47518B651A95C1D1003226F0 /* ReportController.m */ = {isa = PBXFileReference; fileEncoding = 4; lastKnownFileType = sourcecode.c.objc; path = ReportController.m; sourceTree = "<group>"; };
		477E220A1A947F4C00BAB857 /* logocham.jpg */ = {isa = PBXFileReference; lastKnownFileType = image.jpeg; path = logocham.jpg; sourceTree = "<group>"; };
		479EF95E1A945DFD002850F3 /* Chameleon.app */ = {isa = PBXFileReference; explicitFileType = wrapper.application; includeInIndex = 0; path = Chameleon.app; sourceTree = BUILT_PRODUCTS_DIR; };
		479EF9621A945DFD002850F3 /* Info.plist */ = {isa = PBXFileReference; lastKnownFileType = text.plist.xml; path = Info.plist; sourceTree = "<group>"; };
		479EF9631A945DFD002850F3 /* main.m */ = {isa = PBXFileReference; lastKnownFileType = sourcecode.c.objc; path = main.m; sourceTree = "<group>"; };
		479EF9651A945DFD002850F3 /* AppDelegate.h */ = {isa = PBXFileReference; lastKnownFileType = sourcecode.c.h; path = AppDelegate.h; sourceTree = "<group>"; };
		479EF9661A945DFD002850F3 /* AppDelegate.m */ = {isa = PBXFileReference; lastKnownFileType = sourcecode.c.objc; path = AppDelegate.m; sourceTree = "<group>"; };
		479EF9681A945DFD002850F3 /* ViewController.h */ = {isa = PBXFileReference; lastKnownFileType = sourcecode.c.h; path = ViewController.h; sourceTree = "<group>"; };
		479EF9691A945DFD002850F3 /* ViewController.m */ = {isa = PBXFileReference; lastKnownFileType = sourcecode.c.objc; path = ViewController.m; sourceTree = "<group>"; };
		479EF96C1A945DFD002850F3 /* Base */ = {isa = PBXFileReference; lastKnownFileType = file.storyboard; name = Base; path = Base.lproj/Main.storyboard; sourceTree = "<group>"; };
		479EF96E1A945DFE002850F3 /* Images.xcassets */ = {isa = PBXFileReference; lastKnownFileType = folder.assetcatalog; path = Images.xcassets; sourceTree = "<group>"; };
		479EF9711A945DFE002850F3 /* Base */ = {isa = PBXFileReference; lastKnownFileType = file.xib; name = Base; path = Base.lproj/LaunchScreen.xib; sourceTree = "<group>"; };
		479EF9771A945DFE002850F3 /* ChameleonTests.xctest */ = {isa = PBXFileReference; explicitFileType = wrapper.cfbundle; includeInIndex = 0; path = ChameleonTests.xctest; sourceTree = BUILT_PRODUCTS_DIR; };
		479EF97C1A945DFE002850F3 /* Info.plist */ = {isa = PBXFileReference; lastKnownFileType = text.plist.xml; path = Info.plist; sourceTree = "<group>"; };
		479EF97D1A945DFE002850F3 /* ChameleonTests.m */ = {isa = PBXFileReference; lastKnownFileType = sourcecode.c.objc; path = ChameleonTests.m; sourceTree = "<group>"; };
		479EF9881A946549002850F3 /* Application.h */ = {isa = PBXFileReference; fileEncoding = 4; lastKnownFileType = sourcecode.c.h; path = Application.h; sourceTree = "<group>"; };
		479EF9891A946549002850F3 /* Application.m */ = {isa = PBXFileReference; fileEncoding = 4; lastKnownFileType = sourcecode.c.objc; path = Application.m; sourceTree = "<group>"; };
		479EF98B1A946944002850F3 /* PLTController.h */ = {isa = PBXFileReference; fileEncoding = 4; lastKnownFileType = sourcecode.c.h; path = PLTController.h; sourceTree = "<group>"; };
		479EF98C1A946944002850F3 /* PLTController.m */ = {isa = PBXFileReference; fileEncoding = 4; lastKnownFileType = sourcecode.c.objc; path = PLTController.m; sourceTree = "<group>"; };
/* End PBXFileReference section */

/* Begin PBXFrameworksBuildPhase section */
		479EF95B1A945DFD002850F3 /* Frameworks */ = {
			isa = PBXFrameworksBuildPhase;
			buildActionMask = 2147483647;
			files = (
			);
			runOnlyForDeploymentPostprocessing = 0;
		};
		479EF9741A945DFE002850F3 /* Frameworks */ = {
			isa = PBXFrameworksBuildPhase;
			buildActionMask = 2147483647;
			files = (
			);
			runOnlyForDeploymentPostprocessing = 0;
		};
/* End PBXFrameworksBuildPhase section */

/* Begin PBXGroup section */
		479EF9551A945DFD002850F3 = {
			isa = PBXGroup;
			children = (
				47518B611A95A5B8003226F0 /* HtmlLog.h */,
				47518B621A95A5B8003226F0 /* HtmlLog.m */,
				479EF9871A9463ED002850F3 /* Core */,
				479EF9601A945DFD002850F3 /* Chameleon */,
				479EF97A1A945DFE002850F3 /* ChameleonTests */,
				479EF95F1A945DFD002850F3 /* Products */,
			);
			sourceTree = "<group>";
		};
		479EF95F1A945DFD002850F3 /* Products */ = {
			isa = PBXGroup;
			children = (
				479EF95E1A945DFD002850F3 /* Chameleon.app */,
				479EF9771A945DFE002850F3 /* ChameleonTests.xctest */,
			);
			name = Products;
			sourceTree = "<group>";
		};
		479EF9601A945DFD002850F3 /* Chameleon */ = {
			isa = PBXGroup;
			children = (
				479EF9651A945DFD002850F3 /* AppDelegate.h */,
				479EF9661A945DFD002850F3 /* AppDelegate.m */,
				479EF9681A945DFD002850F3 /* ViewController.h */,
				479EF9691A945DFD002850F3 /* ViewController.m */,
				479EF96B1A945DFD002850F3 /* Main.storyboard */,
				47518B641A95C1D1003226F0 /* ReportController.h */,
				47518B651A95C1D1003226F0 /* ReportController.m */,
				479EF98B1A946944002850F3 /* PLTController.h */,
				479EF98C1A946944002850F3 /* PLTController.m */,
				479EF96E1A945DFE002850F3 /* Images.xcassets */,
				479EF9701A945DFE002850F3 /* LaunchScreen.xib */,
				479EF9611A945DFD002850F3 /* Supporting Files */,
			);
			path = Chameleon;
			sourceTree = "<group>";
		};
		479EF9611A945DFD002850F3 /* Supporting Files */ = {
			isa = PBXGroup;
			children = (
				477E220A1A947F4C00BAB857 /* logocham.jpg */,
				479EF9621A945DFD002850F3 /* Info.plist */,
				479EF9631A945DFD002850F3 /* main.m */,
			);
			name = "Supporting Files";
			sourceTree = "<group>";
		};
		479EF97A1A945DFE002850F3 /* ChameleonTests */ = {
			isa = PBXGroup;
			children = (
				479EF97D1A945DFE002850F3 /* ChameleonTests.m */,
				479EF97B1A945DFE002850F3 /* Supporting Files */,
			);
			path = ChameleonTests;
			sourceTree = "<group>";
		};
		479EF97B1A945DFE002850F3 /* Supporting Files */ = {
			isa = PBXGroup;
			children = (
				479EF97C1A945DFE002850F3 /* Info.plist */,
			);
			name = "Supporting Files";
			sourceTree = "<group>";
		};
		479EF9871A9463ED002850F3 /* Core */ = {
			isa = PBXGroup;
			children = (
				479EF9881A946549002850F3 /* Application.h */,
				479EF9891A946549002850F3 /* Application.m */,
			);
			name = Core;
			sourceTree = "<group>";
		};
/* End PBXGroup section */

/* Begin PBXNativeTarget section */
		479EF95D1A945DFD002850F3 /* Chameleon */ = {
			isa = PBXNativeTarget;
			buildConfigurationList = 479EF9811A945DFE002850F3 /* Build configuration list for PBXNativeTarget "Chameleon" */;
			buildPhases = (
				479EF95A1A945DFD002850F3 /* Sources */,
				479EF95B1A945DFD002850F3 /* Frameworks */,
				479EF95C1A945DFD002850F3 /* Resources */,
			);
			buildRules = (
			);
			dependencies = (
			);
			name = Chameleon;
			productName = Chameleon;
			productReference = 479EF95E1A945DFD002850F3 /* Chameleon.app */;
			productType = "com.apple.product-type.application";
		};
		479EF9761A945DFE002850F3 /* ChameleonTests */ = {
			isa = PBXNativeTarget;
			buildConfigurationList = 479EF9841A945DFE002850F3 /* Build configuration list for PBXNativeTarget "ChameleonTests" */;
			buildPhases = (
				479EF9731A945DFE002850F3 /* Sources */,
				479EF9741A945DFE002850F3 /* Frameworks */,
				479EF9751A945DFE002850F3 /* Resources */,
			);
			buildRules = (
			);
			dependencies = (
				479EF9791A945DFE002850F3 /* PBXTargetDependency */,
			);
			name = ChameleonTests;
			productName = ChameleonTests;
			productReference = 479EF9771A945DFE002850F3 /* ChameleonTests.xctest */;
			productType = "com.apple.product-type.bundle.unit-test";
		};
/* End PBXNativeTarget section */

/* Begin PBXProject section */
		479EF9561A945DFD002850F3 /* Project object */ = {
			isa = PBXProject;
			attributes = {
				LastUpgradeCheck = 0610;
				ORGANIZATIONNAME = Rajneesh;
				TargetAttributes = {
					479EF95D1A945DFD002850F3 = {
						CreatedOnToolsVersion = 6.1.1;
					};
					479EF9761A945DFE002850F3 = {
						CreatedOnToolsVersion = 6.1.1;
						TestTargetID = 479EF95D1A945DFD002850F3;
					};
				};
			};
			buildConfigurationList = 479EF9591A945DFD002850F3 /* Build configuration list for PBXProject "Chameleon" */;
			compatibilityVersion = "Xcode 3.2";
			developmentRegion = English;
			hasScannedForEncodings = 0;
			knownRegions = (
				en,
				Base,
			);
			mainGroup = 479EF9551A945DFD002850F3;
			productRefGroup = 479EF95F1A945DFD002850F3 /* Products */;
			projectDirPath = "";
			projectRoot = "";
			targets = (
				479EF95D1A945DFD002850F3 /* Chameleon */,
				479EF9761A945DFE002850F3 /* ChameleonTests */,
			);
		};
/* End PBXProject section */

/* Begin PBXResourcesBuildPhase section */
		479EF95C1A945DFD002850F3 /* Resources */ = {
			isa = PBXResourcesBuildPhase;
			buildActionMask = 2147483647;
			files = (
				479EF96D1A945DFD002850F3 /* Main.storyboard in Resources */,
				477E220B1A947F4C00BAB857 /* logocham.jpg in Resources */,
				479EF9721A945DFE002850F3 /* LaunchScreen.xib in Resources */,
				479EF96F1A945DFE002850F3 /* Images.xcassets in Resources */,
			);
			runOnlyForDeploymentPostprocessing = 0;
		};
		479EF9751A945DFE002850F3 /* Resources */ = {
			isa = PBXResourcesBuildPhase;
			buildActionMask = 2147483647;
			files = (
			);
			runOnlyForDeploymentPostprocessing = 0;
		};
/* End PBXResourcesBuildPhase section */

/* Begin PBXSourcesBuildPhase section */
		479EF95A1A945DFD002850F3 /* Sources */ = {
			isa = PBXSourcesBuildPhase;
			buildActionMask = 2147483647;
			files = (
				479EF98A1A946549002850F3 /* Application.m in Sources */,
				47518B661A95C1D1003226F0 /* ReportController.m in Sources */,
				479EF96A1A945DFD002850F3 /* ViewController.m in Sources */,
				479EF9671A945DFD002850F3 /* AppDelegate.m in Sources */,
				479EF98D1A946944002850F3 /* PLTController.m in Sources */,
				479EF9641A945DFD002850F3 /* main.m in Sources */,
				47518B631A95A5B8003226F0 /* HtmlLog.m in Sources */,
			);
			runOnlyForDeploymentPostprocessing = 0;
		};
		479EF9731A945DFE002850F3 /* Sources */ = {
			isa = PBXSourcesBuildPhase;
			buildActionMask = 2147483647;
			files = (
				479EF97E1A945DFE002850F3 /* ChameleonTests.m in Sources */,
			);
			runOnlyForDeploymentPostprocessing = 0;
		};
/* End PBXSourcesBuildPhase section */

/* Begin PBXTargetDependency section */
		479EF9791A945DFE002850F3 /* PBXTargetDependency */ = {
			isa = PBXTargetDependency;
			target = 479EF95D1A945DFD002850F3 /* Chameleon */;
			targetProxy = 479EF9781A945DFE002850F3 /* PBXContainerItemProxy */;
		};
/* End PBXTargetDependency section */

/* Begin PBXVariantGroup section */
		479EF96B1A945DFD002850F3 /* Main.storyboard */ = {
			isa = PBXVariantGroup;
			children = (
				479EF96C1A945DFD002850F3 /* Base */,
			);
			name = Main.storyboard;
			sourceTree = "<group>";
		};
		479EF9701A945DFE002850F3 /* LaunchScreen.xib */ = {
			isa = PBXVariantGroup;
			children = (
				479EF9711A945DFE002850F3 /* Base */,
			);
			name = LaunchScreen.xib;
			sourceTree = "<group>";
		};
/* End PBXVariantGroup section */

/* Begin XCBuildConfiguration section */
		479EF97F1A945DFE002850F3 /* Debug */ = {
			isa = XCBuildConfiguration;
			buildSettings = {
				ALWAYS_SEARCH_USER_PATHS = NO;
				CLANG_CXX_LANGUAGE_STANDARD = "gnu++0x";
				CLANG_CXX_LIBRARY = "libc++";
				CLANG_ENABLE_MODULES = YES;
				CLANG_ENABLE_OBJC_ARC = YES;
				CLANG_WARN_BOOL_CONVERSION = YES;
				CLANG_WARN_CONSTANT_CONVERSION = YES;
				CLANG_WARN_DIRECT_OBJC_ISA_USAGE = YES_ERROR;
				CLANG_WARN_EMPTY_BODY = YES;
				CLANG_WARN_ENUM_CONVERSION = YES;
				CLANG_WARN_INT_CONVERSION = YES;
				CLANG_WARN_OBJC_ROOT_CLASS = YES_ERROR;
				CLANG_WARN_UNREACHABLE_CODE = YES;
				CLANG_WARN__DUPLICATE_METHOD_MATCH = YES;
				"CODE_SIGN_IDENTITY[sdk=iphoneos*]" = "iPhone Developer";
				COPY_PHASE_STRIP = NO;
				ENABLE_STRICT_OBJC_MSGSEND = YES;
				GCC_C_LANGUAGE_STANDARD = gnu99;
				GCC_DYNAMIC_NO_PIC = NO;
				GCC_OPTIMIZATION_LEVEL = 0;
				GCC_PREPROCESSOR_DEFINITIONS = (
					"DEBUG=1",
					"$(inherited)",
				);
				GCC_SYMBOLS_PRIVATE_EXTERN = NO;
				GCC_WARN_64_TO_32_BIT_CONVERSION = YES;
				GCC_WARN_ABOUT_RETURN_TYPE = YES_ERROR;
				GCC_WARN_UNDECLARED_SELECTOR = YES;
				GCC_WARN_UNINITIALIZED_AUTOS = YES_AGGRESSIVE;
				GCC_WARN_UNUSED_FUNCTION = YES;
				GCC_WARN_UNUSED_VARIABLE = YES;
				IPHONEOS_DEPLOYMENT_TARGET = 8.1;
				MTL_ENABLE_DEBUG_INFO = YES;
				ONLY_ACTIVE_ARCH = YES;
				SDKROOT = iphoneos;
			};
			name = Debug;
		};
		479EF9801A945DFE002850F3 /* Release */ = {
			isa = XCBuildConfiguration;
			buildSettings = {
				ALWAYS_SEARCH_USER_PATHS = NO;
				CLANG_CXX_LANGUAGE_STANDARD = "gnu++0x";
				CLANG_CXX_LIBRARY = "libc++";
				CLANG_ENABLE_MODULES = YES;
				CLANG_ENABLE_OBJC_ARC = YES;
				CLANG_WARN_BOOL_CONVERSION = YES;
				CLANG_WARN_CONSTANT_CONVERSION = YES;
				CLANG_WARN_DIRECT_OBJC_ISA_USAGE = YES_ERROR;
				CLANG_WARN_EMPTY_BODY = YES;
				CLANG_WARN_ENUM_CONVERSION = YES;
				CLANG_WARN_INT_CONVERSION = YES;
				CLANG_WARN_OBJC_ROOT_CLASS = YES_ERROR;
				CLANG_WARN_UNREACHABLE_CODE = YES;
				CLANG_WARN__DUPLICATE_METHOD_MATCH = YES;
				"CODE_SIGN_IDENTITY[sdk=iphoneos*]" = "iPhone Developer";
				COPY_PHASE_STRIP = YES;
				ENABLE_NS_ASSERTIONS = NO;
				ENABLE_STRICT_OBJC_MSGSEND = YES;
				GCC_C_LANGUAGE_STANDARD = gnu99;
				GCC_WARN_64_TO_32_BIT_CONVERSION = YES;
				GCC_WARN_ABOUT_RETURN_TYPE = YES_ERROR;
				GCC_WARN_UNDECLARED_SELECTOR = YES;
				GCC_WARN_UNINITIALIZED_AUTOS = YES_AGGRESSIVE;
				GCC_WARN_UNUSED_FUNCTION = YES;
				GCC_WARN_UNUSED_VARIABLE = YES;
				IPHONEOS_DEPLOYMENT_TARGET = 8.1;
				MTL_ENABLE_DEBUG_INFO = NO;
				SDKROOT = iphoneos;
				VALIDATE_PRODUCT = YES;
			};
			name = Release;
		};
		479EF9821A945DFE002850F3 /* Debug */ = {
			isa = XCBuildConfiguration;
			buildSettings = {
				ASSETCATALOG_COMPILER_APPICON_NAME = "AppIcon-1";
				ASSETCATALOG_COMPILER_LAUNCHIMAGE_NAME = LaunchImage;
				INFOPLIST_FILE = Chameleon/Info.plist;
				LD_RUNPATH_SEARCH_PATHS = "$(inherited) @executable_path/Frameworks";
				PRODUCT_NAME = "$(TARGET_NAME)";
				TARGETED_DEVICE_FAMILY = "1,2";
			};
			name = Debug;
		};
		479EF9831A945DFE002850F3 /* Release */ = {
			isa = XCBuildConfiguration;
			buildSettings = {
				ASSETCATALOG_COMPILER_APPICON_NAME = "AppIcon-1";
				ASSETCATALOG_COMPILER_LAUNCHIMAGE_NAME = LaunchImage;
				INFOPLIST_FILE = Chameleon/Info.plist;
				LD_RUNPATH_SEARCH_PATHS = "$(inherited) @executable_path/Frameworks";
				PRODUCT_NAME = "$(TARGET_NAME)";
				TARGETED_DEVICE_FAMILY = "1,2";
			};
			name = Release;
		};
		479EF9851A945DFE002850F3 /* Debug */ = {
			isa = XCBuildConfiguration;
			buildSettings = {
				BUNDLE_LOADER = "$(TEST_HOST)";
				FRAMEWORK_SEARCH_PATHS = (
					"$(SDKROOT)/Developer/Library/Frameworks",
					"$(inherited)",
				);
				GCC_PREPROCESSOR_DEFINITIONS = (
					"DEBUG=1",
					"$(inherited)",
				);
				INFOPLIST_FILE = ChameleonTests/Info.plist;
				LD_RUNPATH_SEARCH_PATHS = "$(inherited) @executable_path/Frameworks @loader_path/Frameworks";
				PRODUCT_NAME = "$(TARGET_NAME)";
				TEST_HOST = "$(BUILT_PRODUCTS_DIR)/Chameleon.app/Chameleon";
			};
			name = Debug;
		};
		479EF9861A945DFE002850F3 /* Release */ = {
			isa = XCBuildConfiguration;
			buildSettings = {
				BUNDLE_LOADER = "$(TEST_HOST)";
				FRAMEWORK_SEARCH_PATHS = (
					"$(SDKROOT)/Developer/Library/Frameworks",
					"$(inherited)",
				);
				INFOPLIST_FILE = ChameleonTests/Info.plist;
				LD_RUNPATH_SEARCH_PATHS = "$(inherited) @executable_path/Frameworks @loader_path/Frameworks";
				PRODUCT_NAME = "$(TARGET_NAME)";
				TEST_HOST = "$(BUILT_PRODUCTS_DIR)/Chameleon.app/Chameleon";
			};
			name = Release;
		};
/* End XCBuildConfiguration section */

/* Begin XCConfigurationList section */
		479EF9591A945DFD002850F3 /* Build configuration list for PBXProject "Chameleon" */ = {
			isa = XCConfigurationList;
			buildConfigurations = (
				479EF97F1A945DFE002850F3 /* Debug */,
				479EF9801A945DFE002850F3 /* Release */,
			);
			defaultConfigurationIsVisible = 0;
			defaultConfigurationName = Release;
		};
		479EF9811A945DFE002850F3 /* Build configuration list for PBXNativeTarget "Chameleon" */ = {
			isa = XCConfigurationList;
			buildConfigurations = (
				479EF9821A945DFE002850F3 /* Debug */,
				479EF9831A945DFE002850F3 /* Release */,
			);
			defaultConfigurationIsVisible = 0;
			defaultConfigurationName = Release;
		};
		479EF9841A945DFE002850F3 /* Build configuration list for PBXNativeTarget "ChameleonTests" */ = {
			isa = XCConfigurationList;
			buildConfigurations = (
				479EF9851A945DFE002850F3 /* Debug */,
				479EF9861A945DFE002850F3 /* Release */,
			);
			defaultConfigurationIsVisible = 0;
			defaultConfigurationName = Release;
		};
/* End XCConfigurationList section */
	};
	rootObject = 479EF9561A945DFD002850F3 /* Project object */;
}
